# THIS IS AN AUTOGENERATED FILE. DO NOT EDIT THIS FILE DIRECTLY.
# yarn lockfile v1


"@analytics/cookie-utils@^0.2.3":
  version "0.2.3"
  resolved "https://registry.yarnpkg.com/@analytics/cookie-utils/-/cookie-utils-0.2.3.tgz#e6ab923f88d89f7b02da0cfab585ff193977052f"
  integrity sha512-RiMAVpSluRbWb2hlT9wMJ0r2l+MUZzScYjY+w2iWRzjOr9Zzzs4tYzJT6Sd94PDz3LzCuf4aGOwS6pkKXTEBLw==

"@analytics/core@^0.10.5":
  version "0.10.5"
  resolved "https://registry.yarnpkg.com/@analytics/core/-/core-0.10.5.tgz#655f62a77e2290750439cfcd76a840e13ca3c480"
  integrity sha512-R2W8ybinHXVnWeVLsvI/+ukHzgCWSRT7EoIi6afbWcAsotneFE6vwLwGAKbWIdnGITl1ZaYU6i6wquF6nfF9sQ==
  dependencies:
    analytics-utils "^0.4.4"

"@analytics/storage-utils@^0.2.5":
  version "0.2.5"
  resolved "https://registry.yarnpkg.com/@analytics/storage-utils/-/storage-utils-0.2.5.tgz#bc82a1b5dea8e47ae18718aae687c3408ae7c504"
  integrity sha512-RJdKjR4O86eB5fIfApFfhN8Be/Q709DQiRA7UyS0Ymo6w+usnPPxpm6GaKHVop5CIn3vtlMuUxRA4qZhhBrfMw==
  dependencies:
    "@analytics/cookie-utils" "^0.2.3"

"@types/node@^14.14.40":
  version "14.14.40"
  resolved "https://registry.yarnpkg.com/@types/node/-/node-14.14.40.tgz#05a7cd31154487f357ca0bec4334ed1b1ab825a0"
  integrity sha512-2HoZZGylcnz19ZSbvWhgWHqvprw1ZGHanxIrDWYykPD4CauLW4gcyLzCVfUN2kv/1t1F3CurQIdi+s1l9+XgEA==

analytics-utils@^0.4.4:
  version "0.4.4"
  resolved "https://registry.yarnpkg.com/analytics-utils/-/analytics-utils-0.4.4.tgz#0fc032c8d3dd8a37f6275ea47f678958204d5bf3"
  integrity sha512-MJ6sT28L9RdLIxf/rrcfoDmnfWNxmDlF32q5SKbsce+KRPUPu+BuAp4IUUMgM+nYKWZAsxjI/piFXWqOv97awQ==
  dependencies:
    "@analytics/storage-utils" "^0.2.5"
    dlv "^1.1.3"

analytics@^0.7.5:
  version "0.7.5"
  resolved "https://registry.yarnpkg.com/analytics/-/analytics-0.7.5.tgz#c65deb0605e6db840415c5f371f894d3dc627919"
  integrity sha512-qOQuczBCux574jxfksdVMhD0in9iw8L7PEEjZ/h/OEolbY2UBpFXqydOSyNRG+oF28bBlSPaDQDc3g8f2CwhKA==
  dependencies:
    "@analytics/core" "^0.10.5"
    "@analytics/storage-utils" "^0.2.5"

axios@^0.21.1:
  version "0.21.1"
  resolved "https://registry.yarnpkg.com/axios/-/axios-0.21.1.tgz#22563481962f4d6bde9a76d516ef0e5d3c09b2b8"
  integrity sha512-dKQiRHxGD9PPRIUNIWvZhPTPpl1rf/OxTYKsqKUDjBwYylTvV7SjSHJb9ratfyzM6wCdLCOYLzs73qpg5c4iGA==
  dependencies:
    follow-redirects "^1.10.0"

dlv@^1.1.3:
  version "1.1.3"
  resolved "https://registry.yarnpkg.com/dlv/-/dlv-1.1.3.tgz#5c198a8a11453596e751494d49874bc7732f2e79"
  integrity sha512-+HlytyjlPKnIG8XuRG8WvmBP8xs8P71y+SKKS6ZXWoEgLuePxtDoUEiH7WkdePWrQ5JBpE6aoVqfZfJUQkjXwA==

follow-redirects@^1.10.0:
  version "1.13.3"
  resolved "https://registry.yarnpkg.com/follow-redirects/-/follow-redirects-1.13.3.tgz#e5598ad50174c1bc4e872301e82ac2cd97f90267"
  integrity sha512-DUgl6+HDzB0iEptNQEXLx/KhTmDb8tZUHSeLqpnjpknR70H0nC2t9N73BK6fN4hOvJ84pKlIQVQ4k5FFlBedKA==

typescript@^4.2.4:
  version "4.2.4"
  resolved "https://registry.yarnpkg.com/typescript/-/typescript-4.2.4.tgz#8610b59747de028fda898a8aef0e103f156d0961"
  integrity sha512-V+evlYHZnQkaz8TRBuxTA92yZBPotr5H+WhQ7bD3hZUndx5tGOa1fuCgeSjxAzM1RiN5IzvadIXTVefuuwZCRg==
